{
  "version": 4,
  "terraform_version": "1.14.8",
  "serial": 11,
  "lineage": "f09ba852-0c7c-21aa-ed8c-11cd856f2e64",
  "outputs": {},
  "resources": [
    {
      "mode": "managed",
      "type": "aws_internet_gateway",
      "name": "main",
      "provider": "provider[\"registry.terraform.io/hashicorp/aws\"]",
      "instances": [
        {
          "schema_version": 0,
          "attributes": {
            "arn": "arn:aws:ec2:us-east-1:263106369049:internet-gateway/igw-0956222bb405e4194",
            "id": "igw-0956222bb405e4194",
            "owner_id": "263106369049",
            "tags": {
              "Name": "microservices-app-igw"
            },
            "tags_all": {
              "Name": "microservices-app-igw"
            },
            "timeouts": null,
            "vpc_id": "vpc-0c08da604ea4d270d"
          },
          "sensitive_attributes": [],
          "identity_schema_version": 0,
          "private": "eyJlMmJmYjczMC1lY2FhLTExZTYtOGY4OC0zNDM2M2JjN2M0YzAiOnsiY3JlYXRlIjoxMjAwMDAwMDAwMDAwLCJkZWxldGUiOjEyMDAwMDAwMDAwMDAsInVwZGF0ZSI6MTIwMDAwMDAwMDAwMH19",
          "dependencies": [
            "aws_vpc.main"
          ]
        }
      ]
    },
    {
      "mode": "managed",
      "type": "aws_key_pair",
      "name": "deployer",
      "provider": "provider[\"registry.terraform.io/hashicorp/aws\"]",
      "instances": [
        {
          "schema_version": 1,
          "attributes": {
            "arn": "arn:aws:ec2:us-east-1:263106369049:key-pair/microservices-app-key",
            "fingerprint": "bc:e5:ec:8b:aa:26:b2:93:4e:3b:de:0a:76:2f:f5:ad",
            "id": "microservices-app-key",
            "key_name": "microservices-app-key",
            "key_name_prefix": "",
            "key_pair_id": "key-09acd46c2729f641e",
            "key_type": "rsa",
            "public_key": "ssh-rsa AAAAB3NzaC1yc2EAAAADAQABAAACAQDomDoUmrAS5rNpbQjYG4F1IcOW8wTXtpzXS3mYN41OeN2Vj2oVVGAVa8pUajcpyMMhaaetDXixXV1kdoxK8b7xVPtflokTxHNR1Es1EOw0x4q/5LCKleODQGp3PbeJcTwCtDeJe3X6S9F1nB0K/NvZ1rTZHBlhkrTcvXkhlhinryC/4+00Q6ZWjnBlRg3Orab0uUgg+JYwVf6+CzC7HcjZf6jdOOG93Ur6sHadN7XV6dlH+XuzURy4QSWkFbUcyNeKefQvh9D4VhlqJKGFD6cp+LX/tfB6gCgegQz5255ojJzUcDNooPUly2NZbSIeF948ORCYtkGHYv9F2UI+xv61p6ltLxubAO2LTxQ0c0dMvqC6w3jRHP4eTLdgNk9Yj+hKDbhVaTI4a8lgedk7X9zssM0qzRBWsc0AVdHwhxapXvHxpoHTDl96D4a1H2rt3/0iCzsaD4oGga6JNA6ErLq4mRhuDocM4kJ+PzmoKYrcUznMyRFbpeWdNLGBJbNguDShuU5mWEZ/GXc0ZoPNYCrH8+3oAP4HUzjeFhnpYoHDVPH5etx1lSNrbfsMwt7BPOQn4uk0WPe1VjinfZ+RDOwLxpQAi7AqNzzX2g6DBLievYZVFtpxrhPq6XaqQAt7lAKxWrfWINUARg93QlffOJEdPajRWLw/CzFvBn/cLw2yOQ== faizan@project3",
            "tags": {},
            "tags_all": {}
          },
          "sensitive_attributes": [],
          "identity_schema_version": 0,
          "private": "eyJzY2hlbWFfdmVyc2lvbiI6IjEifQ=="
        }
      ]
    },
    {
      "mode": "managed",
      "type": "aws_route_table",
      "name": "public",
      "provider": "provider[\"registry.terraform.io/hashicorp/aws\"]",
      "instances": [
        {
          "schema_version": 0,
          "attributes": {
            "arn": "arn:aws:ec2:us-east-1:263106369049:route-table/rtb-0166f3aa834f9c5b5",
            "id": "rtb-0166f3aa834f9c5b5",
            "owner_id": "263106369049",
            "propagating_vgws": [],
            "route": [
              {
                "carrier_gateway_id": "",
                "cidr_block": "0.0.0.0/0",
                "core_network_arn": "",
                "destination_prefix_list_id": "",
                "egress_only_gateway_id": "",
                "gateway_id": "igw-0956222bb405e4194",
                "ipv6_cidr_block": "",
                "local_gateway_id": "",
                "nat_gateway_id": "",
                "network_interface_id": "",
                "transit_gateway_id": "",
                "vpc_endpoint_id": "",
                "vpc_peering_connection_id": ""
              }
            ],
            "tags": {
              "Name": "microservices-app-rt"
            },
            "tags_all": {
              "Name": "microservices-app-rt"
            },
            "timeouts": null,
            "vpc_id": "vpc-0c08da604ea4d270d"
          },
          "sensitive_attributes": [],
          "identity_schema_version": 0,
          "private": "eyJlMmJmYjczMC1lY2FhLTExZTYtOGY4OC0zNDM2M2JjN2M0YzAiOnsiY3JlYXRlIjozMDAwMDAwMDAwMDAsImRlbGV0ZSI6MzAwMDAwMDAwMDAwLCJ1cGRhdGUiOjEyMDAwMDAwMDAwMH19",
          "dependencies": [
            "aws_internet_gateway.main",
            "aws_vpc.main"
          ]
        }
      ]
    },
    {
      "mode": "managed",
      "type": "aws_route_table_association",
      "name": "public",
      "provider": "provider[\"registry.terraform.io/hashicorp/aws\"]",
      "instances": [
        {
          "schema_version": 0,
          "attributes": {
            "gateway_id": "",
            "id": "rtbassoc-0f56e965fa3b5310b",
            "route_table_id": "rtb-0166f3aa834f9c5b5",
            "subnet_id": "subnet-0bc6fa71f24e71c81",
            "timeouts": null
          },
          "sensitive_attributes": [],
          "identity_schema_version": 0,
          "private": "eyJlMmJmYjczMC1lY2FhLTExZTYtOGY4OC0zNDM2M2JjN2M0YzAiOnsiY3JlYXRlIjozMDAwMDAwMDAwMDAsImRlbGV0ZSI6MzAwMDAwMDAwMDAwLCJ1cGRhdGUiOjEyMDAwMDAwMDAwMH19",
          "dependencies": [
            "aws_internet_gateway.main",
            "aws_route_table.public",
            "aws_subnet.public",
            "aws_vpc.main"
          ]
        }
      ]
    },
    {
      "mode": "managed",
      "type": "aws_security_group",
      "name": "ec2",
      "provider": "provider[\"registry.terraform.io/hashicorp/aws\"]",
      "instances": [
        {
          "schema_version": 1,
          "attributes": {
            "arn": "arn:aws:ec2:us-east-1:263106369049:security-group/sg-0612678d8c1668b37",
            "description": "Allow SSH, HTTP, HTTPS, and app ports",
            "egress": [
              {
                "cidr_blocks": [
                  "0.0.0.0/0"
                ],
                "description": "",
                "from_port": 0,
                "ipv6_cidr_blocks": [],
                "prefix_list_ids": [],
                "protocol": "-1",
                "security_groups": [],
                "self": false,
                "to_port": 0
              }
            ],
            "id": "sg-0612678d8c1668b37",
            "ingress": [
              {
                "cidr_blocks": [
                  "0.0.0.0/0"
                ],
                "description": "ArgoCD",
                "from_port": 30080,
                "ipv6_cidr_blocks": [],
                "prefix_list_ids": [],
                "protocol": "tcp",
                "security_groups": [],
                "self": false,
                "to_port": 30090
              },
              {
                "cidr_blocks": [
                  "0.0.0.0/0"
                ],
                "description": "HTTP",
                "from_port": 80,
                "ipv6_cidr_blocks": [],
                "prefix_list_ids": [],
                "protocol": "tcp",
                "security_groups": [],
                "self": false,
                "to_port": 80
              },
              {
                "cidr_blocks": [
                  "0.0.0.0/0"
                ],
                "description": "HTTPS",
                "from_port": 443,
                "ipv6_cidr_blocks": [],
                "prefix_list_ids": [],
                "protocol": "tcp",
                "security_groups": [],
                "self": false,
                "to_port": 443
              },
              {
                "cidr_blocks": [
                  "0.0.0.0/0"
                ],
                "description": "SSH",
                "from_port": 22,
                "ipv6_cidr_blocks": [],
                "prefix_list_ids": [],
                "protocol": "tcp",
                "security_groups": [],
                "self": false,
                "to_port": 22
              }
            ],
            "name": "microservices-app-sg",
            "name_prefix": "",
            "owner_id": "263106369049",
            "revoke_rules_on_delete": false,
            "tags": {
              "Name": "microservices-app-sg"
            },
            "tags_all": {
              "Name": "microservices-app-sg"
            },
            "timeouts": null,
            "vpc_id": "vpc-0c08da604ea4d270d"
          },
          "sensitive_attributes": [],
          "identity_schema_version": 0,
          "private": "eyJlMmJmYjczMC1lY2FhLTExZTYtOGY4OC0zNDM2M2JjN2M0YzAiOnsiY3JlYXRlIjo2MDAwMDAwMDAwMDAsImRlbGV0ZSI6OTAwMDAwMDAwMDAwfSwic2NoZW1hX3ZlcnNpb24iOiIxIn0=",
          "dependencies": [
            "aws_vpc.main"
          ]
        }
      ]
    },
    {
      "mode": "managed",
      "type": "aws_subnet",
      "name": "public",
      "provider": "provider[\"registry.terraform.io/hashicorp/aws\"]",
      "instances": [
        {
          "schema_version": 1,
          "attributes": {
            "arn": "arn:aws:ec2:us-east-1:263106369049:subnet/subnet-0bc6fa71f24e71c81",
            "assign_ipv6_address_on_creation": false,
            "availability_zone": "us-east-1a",
            "availability_zone_id": "use1-az1",
            "cidr_block": "10.0.1.0/24",
            "customer_owned_ipv4_pool": "",
            "enable_dns64": false,
            "enable_lni_at_device_index": 0,
            "enable_resource_name_dns_a_record_on_launch": false,
            "enable_resource_name_dns_aaaa_record_on_launch": false,
            "id": "subnet-0bc6fa71f24e71c81",
            "ipv6_cidr_block": "",
            "ipv6_cidr_block_association_id": "",
            "ipv6_native": false,
            "map_customer_owned_ip_on_launch": false,
            "map_public_ip_on_launch": true,
            "outpost_arn": "",
            "owner_id": "263106369049",
            "private_dns_hostname_type_on_launch": "ip-name",
            "tags": {
              "Name": "microservices-app-public-subnet"
            },
            "tags_all": {
              "Name": "microservices-app-public-subnet"
            },
            "timeouts": null,
            "vpc_id": "vpc-0c08da604ea4d270d"
          },
          "sensitive_attributes": [],
          "identity_schema_version": 0,
          "private": "eyJlMmJmYjczMC1lY2FhLTExZTYtOGY4OC0zNDM2M2JjN2M0YzAiOnsiY3JlYXRlIjo2MDAwMDAwMDAwMDAsImRlbGV0ZSI6MTIwMDAwMDAwMDAwMH0sInNjaGVtYV92ZXJzaW9uIjoiMSJ9",
          "dependencies": [
            "aws_vpc.main"
          ]
        }
      ]
    },
    {
      "mode": "managed",
      "type": "aws_vpc",
      "name": "main",
      "provider": "provider[\"registry.terraform.io/hashicorp/aws\"]",
      "instances": [
        {
          "schema_version": 1,
          "attributes": {
            "arn": "arn:aws:ec2:us-east-1:263106369049:vpc/vpc-0c08da604ea4d270d",
            "assign_generated_ipv6_cidr_block": false,
            "cidr_block": "10.0.0.0/16",
            "default_network_acl_id": "acl-0b4036c7c1e776b8e",
            "default_route_table_id": "rtb-0f51532b24a7ede45",
            "default_security_group_id": "sg-0df10196fd9587b87",
            "dhcp_options_id": "dopt-0acdd70a177869241",
            "enable_dns_hostnames": true,
            "enable_dns_support": true,
            "enable_network_address_usage_metrics": false,
            "id": "vpc-0c08da604ea4d270d",
            "instance_tenancy": "default",
            "ipv4_ipam_pool_id": null,
            "ipv4_netmask_length": null,
            "ipv6_association_id": "",
            "ipv6_cidr_block": "",
            "ipv6_cidr_block_network_border_group": "",
            "ipv6_ipam_pool_id": "",
            "ipv6_netmask_length": 0,
            "main_route_table_id": "rtb-0f51532b24a7ede45",
            "owner_id": "263106369049",
            "tags": {
              "Name": "microservices-app-vpc"
            },
            "tags_all": {
              "Name": "microservices-app-vpc"
            }
          },
          "sensitive_attributes": [],
          "identity_schema_version": 0,
          "private": "eyJzY2hlbWFfdmVyc2lvbiI6IjEifQ=="
        }
      ]
    }
  ],
  "check_results": null
}
